
Microsoft Visual Studio Solution File, Format Version 12.00
# Visual Studio Version 17
VisualStudioVersion = 17.13.35919.96 d17.13
MinimumVisualStudioVersion = 10.0.40219.1
Project("{FAE04EC0-301F-11D3-BF4B-00C04F79EFBC}") = "InicioCession", "InicioCession\InicioCession.csproj", "{418E355A-22CB-4E2C-AE88-F65A2FB7958E}"
EndProject
Global
	GlobalSection(SolutionConfigurationPlatforms) = preSolution
		Debug|Any CPU = Debug|Any CPU
		Release|Any CPU = Release|Any CPU
	EndGlobalSection
	GlobalSection(ProjectConfigurationPlatforms) = postSolution
		{418E355A-22CB-4E2C-AE88-F65A2FB7958E}.Debug|Any CPU.ActiveCfg = Debug|Any CPU
		{418E355A-22CB-4E2C-AE88-F65A2FB7958E}.Debug|Any CPU.Build.0 = Debug|Any CPU
		{418E355A-22CB-4E2C-AE88-F65A2FB7958E}.Release|Any CPU.ActiveCfg = Release|Any CPU
		{418E355A-22CB-4E2C-AE88-F65A2FB7958E}.Release|Any CPU.Build.0 = Release|Any CPU
	EndGlobalSection
	GlobalSection(SolutionProperties) = preSolution
		HideSolutionNode = FALSE
	EndGlobalSection
	GlobalSection(ExtensibilityGlobals) = postSolution
		SolutionGuid = {61BBBD03-E67E-4521-8C2C-69F03C604B4B}
	EndGlobalSection
EndGlobal
